
Microsoft Visual Studio Solution File, Format Version 12.00
# Visual Studio Version 17
VisualStudioVersion = 17.5.33516.290
MinimumVisualStudioVersion = 10.0.40219.1
Project("{FAE04EC0-301F-11D3-BF4B-00C04F79EFBC}") = "пр11", "пр11\пр11.csproj", "{5F0D415C-A1DB-49C9-8805-47E4871B1442}"
EndProject
Global
	GlobalSection(SolutionConfigurationPlatforms) = preSolution
		Debug|Any CPU = Debug|Any CPU
		Release|Any CPU = Release|Any CPU
	EndGlobalSection
	GlobalSection(ProjectConfigurationPlatforms) = postSolution
		{5F0D415C-A1DB-49C9-8805-47E4871B1442}.Debug|Any CPU.ActiveCfg = Debug|Any CPU
		{5F0D415C-A1DB-49C9-8805-47E4871B1442}.Debug|Any CPU.Build.0 = Debug|Any CPU
		{5F0D415C-A1DB-49C9-8805-47E4871B1442}.Release|Any CPU.ActiveCfg = Release|Any CPU
		{5F0D415C-A1DB-49C9-8805-47E4871B1442}.Release|Any CPU.Build.0 = Release|Any CPU
	EndGlobalSection
	GlobalSection(SolutionProperties) = preSolution
		HideSolutionNode = FALSE
	EndGlobalSection
	GlobalSection(ExtensibilityGlobals) = postSolution
		SolutionGuid = {0169BB18-907C-4A3B-82A9-B7E1282920D5}
	EndGlobalSection
EndGlobal
